{
  "name": "play_with_pi",
  "version": "1.0.0",
  "lockfileVersion": 1,
  "requires": true,
  "dependencies": {
    "async-limiter": {
      "version": "1.0.0",
      "resolved": "http://registry.npm.taobao.org/async-limiter/download/async-limiter-1.0.0.tgz",
      "integrity": "sha1-ePrtjD0HSrgfIrTphdeehzj3IPg="
    },
    "bindings": {
      "version": "1.5.0",
      "resolved": "http://registry.npm.taobao.org/bindings/download/bindings-1.5.0.tgz",
      "integrity": "sha1-EDU8npRTNLwFEabZCzj7x8nFBN8=",
      "requires": {
        "file-uri-to-path": "1.0.0"
      }
    },
    "epoll": {
      "version": "2.0.8",
      "resolved": "http://registry.npm.taobao.org/epoll/download/epoll-2.0.8.tgz",
      "integrity": "sha1-49ChfBwYBq8dyQq85+NIILPq9GM=",
      "requires": {
        "bindings": "^1.5.0",
        "nan": "^2.12.1"
      }
    },
    "file-uri-to-path": {
      "version": "1.0.0",
      "resolved": "http://registry.npm.taobao.org/file-uri-to-path/download/file-uri-to-path-1.0.0.tgz",
      "integrity": "sha1-VTp7hEb/b2hDWcRF8eN6BdrMM90="
    },
    "formidable": {
      "version": "1.2.1",
      "resolved": "http://registry.npm.taobao.org/formidable/download/formidable-1.2.1.tgz",
      "integrity": "sha1-cPt8oCkO5v+WEJBBX0s989IIJlk="
    },
    "lodash.debounce": {
      "version": "4.0.8",
      "resolved": "http://registry.npm.taobao.org/lodash.debounce/download/lodash.debounce-4.0.8.tgz",
      "integrity": "sha1-gteb/zCmfEAF/9XiUVMArZyk168="
    },
    "nan": {
      "version": "2.12.1",
      "resolved": "http://registry.npm.taobao.org/nan/download/nan-2.12.1.tgz",
      "integrity": "sha1-exqhk+mqhgV+PHu9CsRI53CSVVI="
    },
    "onoff": {
      "version": "4.1.0",
      "resolved": "http://registry.npm.taobao.org/onoff/download/onoff-4.1.0.tgz",
      "integrity": "sha1-FxTT3iBqf1kczD1bah+2cP8xJ2U=",
      "requires": {
        "epoll": "^2.0.7",
        "lodash.debounce": "^4.0.8"
      }
    },
    "ws": {
      "version": "6.1.4",
      "resolved": "http://registry.npm.taobao.org/ws/download/ws-6.1.4.tgz",
      "integrity": "sha1-W1yIAK+rkl6UzLKdFTyNAsF3bvk=",
      "requires": {
        "async-limiter": "~1.0.0"
      }
    }
  }
}
